lockfileVersion: '9.0'

settings:
  autoInstallPeers: true
  excludeLinksFromLockfile: false

importers:

  .:
    dependencies:
      basic-auth:
        specifier: ^2.0.1
        version: 2.0.1
      psl:
        specifier: ^1.9.0
        version: 1.9.0
    devDependencies:
      '@types/basic-auth':
        specifier: ^1.1.8
        version: 1.1.8
      '@types/psl':
        specifier: ^1.1.3
        version: 1.1.3
      typescript:
        specifier: ^5.6.2
        version: 5.6.2

packages:

  '@types/basic-auth@1.1.8':
    resolution: {integrity: sha512-dKcUeixGuZn8pBjcUrf1N7x5K6lWuKuwHHitM2IZ4vwZUDWEhhNtwCWiba8jTA9zn0GQQ+fTFkWpKx8pOU/enw==}

  '@types/node@22.5.4':
    resolution: {integrity: sha512-FDuKUJQm/ju9fT/SeX/6+gBzoPzlVCzfzmGkwKvRHQVxi4BntVbyIwf6a4Xn62mrvndLiml6z/UBXIdEVjQLXg==}

  '@types/psl@1.1.3':
    resolution: {integrity: sha512-Iu174JHfLd7i/XkXY6VDrqSlPvTDQOtQI7wNAXKKOAADJ9TduRLkNdMgjGiMxSttUIZnomv81JAbAbC0DhggxA==}

  basic-auth@2.0.1:
    resolution: {integrity: sha512-NF+epuEdnUYVlGuhaxbbq+dvJttwLnGY+YixlXlME5KpQ5W3CnXA5cVTneY3SPbPDRkcjMbifrwmFYcClgOZeg==}
    engines: {node: '>= 0.8'}

  psl@1.9.0:
    resolution: {integrity: sha512-E/ZsdU4HLs/68gYzgGTkMicWTLPdAftJLfJFlLUAAKZGkStNU72sZjT66SnMDVOfOWY/YAoiD7Jxa9iHvngcag==}

  safe-buffer@5.1.2:
    resolution: {integrity: sha512-Gd2UZBJDkXlY7GbJxfsE8/nvKkUEU1G38c1siN6QP6a9PT9MmHB8GnpscSmMJSoF8LOIrt8ud/wPtojys4G6+g==}

  typescript@5.6.2:
    resolution: {integrity: sha512-NW8ByodCSNCwZeghjN3o+JX5OFH0Ojg6sadjEKY4huZ52TqbJTJnDo5+Tw98lSy63NZvi4n+ez5m2u5d4PkZyw==}
    engines: {node: '>=14.17'}
    hasBin: true

  undici-types@6.19.8:
    resolution: {integrity: sha512-ve2KP6f/JnbPBFyobGHuerC9g1FYGn/F8n1LWTwNxCEzd6IfqTwUQcNXgEtmmQ6DlRrC1hrSrBnCZPokRrDHjw==}

snapshots:

  '@types/basic-auth@1.1.8':
    dependencies:
      '@types/node': 22.5.4

  '@types/node@22.5.4':
    dependencies:
      undici-types: 6.19.8

  '@types/psl@1.1.3': {}

  basic-auth@2.0.1:
    dependencies:
      safe-buffer: 5.1.2

  psl@1.9.0: {}

  safe-buffer@5.1.2: {}

  typescript@5.6.2: {}

  undici-types@6.19.8: {}
