lockfileVersion: '9.0'

settings:
  autoInstallPeers: true
  excludeLinksFromLockfile: false

importers:

  .:
    dependencies:
      basic-auth:
        specifier: ^2.0.1
        version: 2.0.1
      tldts:
        specifier: ^6.1.47
        version: 6.1.47
    devDependencies:
      '@types/basic-auth':
        specifier: ^1.1.8
        version: 1.1.8
      typescript:
        specifier: ^5.6.2
        version: 5.6.2

packages:

  '@types/basic-auth@1.1.8':
    resolution: {integrity: sha512-dKcUeixGuZn8pBjcUrf1N7x5K6lWuKuwHHitM2IZ4vwZUDWEhhNtwCWiba8jTA9zn0GQQ+fTFkWpKx8pOU/enw==}

  '@types/node@22.5.4':
    resolution: {integrity: sha512-FDuKUJQm/ju9fT/SeX/6+gBzoPzlVCzfzmGkwKvRHQVxi4BntVbyIwf6a4Xn62mrvndLiml6z/UBXIdEVjQLXg==}

  basic-auth@2.0.1:
    resolution: {integrity: sha512-NF+epuEdnUYVlGuhaxbbq+dvJttwLnGY+YixlXlME5KpQ5W3CnXA5cVTneY3SPbPDRkcjMbifrwmFYcClgOZeg==}
    engines: {node: '>= 0.8'}

  safe-buffer@5.1.2:
    resolution: {integrity: sha512-Gd2UZBJDkXlY7GbJxfsE8/nvKkUEU1G38c1siN6QP6a9PT9MmHB8GnpscSmMJSoF8LOIrt8ud/wPtojys4G6+g==}

  tldts-core@6.1.47:
    resolution: {integrity: sha512-6SWyFMnlst1fEt7GQVAAu16EGgFK0cLouH/2Mk6Ftlwhv3Ol40L0dlpGMcnnNiiOMyD2EV/aF3S+U2nKvvLvrA==}

  tldts@6.1.47:
    resolution: {integrity: sha512-R/K2tZ5MiY+mVrnSkNJkwqYT2vUv1lcT6wJvd2emGaMJ7PHUGRY4e3tUsdFCXgqxi2QgbHjL3yJgXCo40v9Hxw==}
    hasBin: true

  typescript@5.6.2:
    resolution: {integrity: sha512-NW8ByodCSNCwZeghjN3o+JX5OFH0Ojg6sadjEKY4huZ52TqbJTJnDo5+Tw98lSy63NZvi4n+ez5m2u5d4PkZyw==}
    engines: {node: '>=14.17'}
    hasBin: true

  undici-types@6.19.8:
    resolution: {integrity: sha512-ve2KP6f/JnbPBFyobGHuerC9g1FYGn/F8n1LWTwNxCEzd6IfqTwUQcNXgEtmmQ6DlRrC1hrSrBnCZPokRrDHjw==}

snapshots:

  '@types/basic-auth@1.1.8':
    dependencies:
      '@types/node': 22.5.4

  '@types/node@22.5.4':
    dependencies:
      undici-types: 6.19.8

  basic-auth@2.0.1:
    dependencies:
      safe-buffer: 5.1.2

  safe-buffer@5.1.2: {}

  tldts-core@6.1.47: {}

  tldts@6.1.47:
    dependencies:
      tldts-core: 6.1.47

  typescript@5.6.2: {}

  undici-types@6.19.8: {}
